
Microsoft Visual Studio Solution File, Format Version 12.00
# Visual Studio Version 17
VisualStudioVersion = 17.9.34728.123
MinimumVisualStudioVersion = 10.0.40219.1
Project("{9A19103F-16F7-4668-BE54-9A1E7A4F7556}") = "JobCandidateWebApp", "JobCandidateWebApp\JobCandidateWebApp.csproj", "{1B0D3CE5-0DAC-484A-B0C1-BF7F1E1564B9}"
EndProject
Project("{2150E333-8FDC-42A3-9474-1A3956D46DE8}") = "Core", "Core", "{9BEEBE7B-D5EB-477C-93DE-716EE4EA74FE}"
EndProject
Project("{2150E333-8FDC-42A3-9474-1A3956D46DE8}") = "Infrastructure", "Infrastructure", "{D6D322FE-98E5-4D05-9FF5-67412EE5F48C}"
EndProject
Project("{2150E333-8FDC-42A3-9474-1A3956D46DE8}") = "Presentation", "Presentation", "{2BB7B2D7-AB47-41D3-A574-6C5D6351CE9F}"
EndProject
Project("{9A19103F-16F7-4668-BE54-9A1E7A4F7556}") = "Contract", "Contract\Contract.csproj", "{0C1D99CC-6A54-45C3-9FF6-F1731117C08E}"
EndProject
Project("{9A19103F-16F7-4668-BE54-9A1E7A4F7556}") = "Domain", "Domain\Domain.csproj", "{5D729E8D-39DC-4038-94EF-02142FCAF1F8}"
EndProject
Project("{9A19103F-16F7-4668-BE54-9A1E7A4F7556}") = "Repo.Abstraction", "Repo.Abstraction\Repo.Abstraction.csproj", "{4D0921E6-F512-43E0-8434-F965BF4F3AF4}"
EndProject
Project("{9A19103F-16F7-4668-BE54-9A1E7A4F7556}") = "Repository", "Repository\Repository.csproj", "{A1963D61-4FAB-4CCE-BF9A-4A17C59ABA3D}"
EndProject
Project("{9A19103F-16F7-4668-BE54-9A1E7A4F7556}") = "Service", "Service\Service.csproj", "{F35D7125-1D65-4938-96EF-79E578C34ABD}"
EndProject
Project("{9A19103F-16F7-4668-BE54-9A1E7A4F7556}") = "Service.Abstraction", "Service.Abstraction\Service.Abstraction.csproj", "{C49C12DB-DB58-474E-9670-8F2CC1330926}"
EndProject
Project("{9A19103F-16F7-4668-BE54-9A1E7A4F7556}") = "Common", "Common\Common.csproj", "{3C34910E-B140-4F72-B55E-7967838E296D}"
EndProject
Project("{9A19103F-16F7-4668-BE54-9A1E7A4F7556}") = "Extensions", "Extensions\Extensions.csproj", "{66217F5F-071B-4DD7-A8A1-62707DB31C10}"
EndProject
Project("{FAE04EC0-301F-11D3-BF4B-00C04F79EFBC}") = "JobCandidateApi.Tests", "JobCandidateApi.Tests\JobCandidateApi.Tests.csproj", "{89543539-6E83-4D9A-AE23-EE2A1787FFB5}"
EndProject
Global
	GlobalSection(SolutionConfigurationPlatforms) = preSolution
		Debug|Any CPU = Debug|Any CPU
		Release|Any CPU = Release|Any CPU
	EndGlobalSection
	GlobalSection(ProjectConfigurationPlatforms) = postSolution
		{1B0D3CE5-0DAC-484A-B0C1-BF7F1E1564B9}.Debug|Any CPU.ActiveCfg = Debug|Any CPU
		{1B0D3CE5-0DAC-484A-B0C1-BF7F1E1564B9}.Debug|Any CPU.Build.0 = Debug|Any CPU
		{1B0D3CE5-0DAC-484A-B0C1-BF7F1E1564B9}.Release|Any CPU.ActiveCfg = Release|Any CPU
		{1B0D3CE5-0DAC-484A-B0C1-BF7F1E1564B9}.Release|Any CPU.Build.0 = Release|Any CPU
		{0C1D99CC-6A54-45C3-9FF6-F1731117C08E}.Debug|Any CPU.ActiveCfg = Debug|Any CPU
		{0C1D99CC-6A54-45C3-9FF6-F1731117C08E}.Debug|Any CPU.Build.0 = Debug|Any CPU
		{0C1D99CC-6A54-45C3-9FF6-F1731117C08E}.Release|Any CPU.ActiveCfg = Release|Any CPU
		{0C1D99CC-6A54-45C3-9FF6-F1731117C08E}.Release|Any CPU.Build.0 = Release|Any CPU
		{5D729E8D-39DC-4038-94EF-02142FCAF1F8}.Debug|Any CPU.ActiveCfg = Debug|Any CPU
		{5D729E8D-39DC-4038-94EF-02142FCAF1F8}.Debug|Any CPU.Build.0 = Debug|Any CPU
		{5D729E8D-39DC-4038-94EF-02142FCAF1F8}.Release|Any CPU.ActiveCfg = Release|Any CPU
		{5D729E8D-39DC-4038-94EF-02142FCAF1F8}.Release|Any CPU.Build.0 = Release|Any CPU
		{4D0921E6-F512-43E0-8434-F965BF4F3AF4}.Debug|Any CPU.ActiveCfg = Debug|Any CPU
		{4D0921E6-F512-43E0-8434-F965BF4F3AF4}.Debug|Any CPU.Build.0 = Debug|Any CPU
		{4D0921E6-F512-43E0-8434-F965BF4F3AF4}.Release|Any CPU.ActiveCfg = Release|Any CPU
		{4D0921E6-F512-43E0-8434-F965BF4F3AF4}.Release|Any CPU.Build.0 = Release|Any CPU
		{A1963D61-4FAB-4CCE-BF9A-4A17C59ABA3D}.Debug|Any CPU.ActiveCfg = Debug|Any CPU
		{A1963D61-4FAB-4CCE-BF9A-4A17C59ABA3D}.Debug|Any CPU.Build.0 = Debug|Any CPU
		{A1963D61-4FAB-4CCE-BF9A-4A17C59ABA3D}.Release|Any CPU.ActiveCfg = Release|Any CPU
		{A1963D61-4FAB-4CCE-BF9A-4A17C59ABA3D}.Release|Any CPU.Build.0 = Release|Any CPU
		{F35D7125-1D65-4938-96EF-79E578C34ABD}.Debug|Any CPU.ActiveCfg = Debug|Any CPU
		{F35D7125-1D65-4938-96EF-79E578C34ABD}.Debug|Any CPU.Build.0 = Debug|Any CPU
		{F35D7125-1D65-4938-96EF-79E578C34ABD}.Release|Any CPU.ActiveCfg = Release|Any CPU
		{F35D7125-1D65-4938-96EF-79E578C34ABD}.Release|Any CPU.Build.0 = Release|Any CPU
		{C49C12DB-DB58-474E-9670-8F2CC1330926}.Debug|Any CPU.ActiveCfg = Debug|Any CPU
		{C49C12DB-DB58-474E-9670-8F2CC1330926}.Debug|Any CPU.Build.0 = Debug|Any CPU
		{C49C12DB-DB58-474E-9670-8F2CC1330926}.Release|Any CPU.ActiveCfg = Release|Any CPU
		{C49C12DB-DB58-474E-9670-8F2CC1330926}.Release|Any CPU.Build.0 = Release|Any CPU
		{3C34910E-B140-4F72-B55E-7967838E296D}.Debug|Any CPU.ActiveCfg = Debug|Any CPU
		{3C34910E-B140-4F72-B55E-7967838E296D}.Debug|Any CPU.Build.0 = Debug|Any CPU
		{3C34910E-B140-4F72-B55E-7967838E296D}.Release|Any CPU.ActiveCfg = Release|Any CPU
		{3C34910E-B140-4F72-B55E-7967838E296D}.Release|Any CPU.Build.0 = Release|Any CPU
		{66217F5F-071B-4DD7-A8A1-62707DB31C10}.Debug|Any CPU.ActiveCfg = Debug|Any CPU
		{66217F5F-071B-4DD7-A8A1-62707DB31C10}.Debug|Any CPU.Build.0 = Debug|Any CPU
		{66217F5F-071B-4DD7-A8A1-62707DB31C10}.Release|Any CPU.ActiveCfg = Release|Any CPU
		{66217F5F-071B-4DD7-A8A1-62707DB31C10}.Release|Any CPU.Build.0 = Release|Any CPU
		{89543539-6E83-4D9A-AE23-EE2A1787FFB5}.Debug|Any CPU.ActiveCfg = Debug|Any CPU
		{89543539-6E83-4D9A-AE23-EE2A1787FFB5}.Debug|Any CPU.Build.0 = Debug|Any CPU
		{89543539-6E83-4D9A-AE23-EE2A1787FFB5}.Release|Any CPU.ActiveCfg = Release|Any CPU
		{89543539-6E83-4D9A-AE23-EE2A1787FFB5}.Release|Any CPU.Build.0 = Release|Any CPU
	EndGlobalSection
	GlobalSection(SolutionProperties) = preSolution
		HideSolutionNode = FALSE
	EndGlobalSection
	GlobalSection(NestedProjects) = preSolution
		{0C1D99CC-6A54-45C3-9FF6-F1731117C08E} = {9BEEBE7B-D5EB-477C-93DE-716EE4EA74FE}
		{5D729E8D-39DC-4038-94EF-02142FCAF1F8} = {9BEEBE7B-D5EB-477C-93DE-716EE4EA74FE}
		{4D0921E6-F512-43E0-8434-F965BF4F3AF4} = {9BEEBE7B-D5EB-477C-93DE-716EE4EA74FE}
		{A1963D61-4FAB-4CCE-BF9A-4A17C59ABA3D} = {9BEEBE7B-D5EB-477C-93DE-716EE4EA74FE}
		{F35D7125-1D65-4938-96EF-79E578C34ABD} = {D6D322FE-98E5-4D05-9FF5-67412EE5F48C}
		{C49C12DB-DB58-474E-9670-8F2CC1330926} = {D6D322FE-98E5-4D05-9FF5-67412EE5F48C}
		{3C34910E-B140-4F72-B55E-7967838E296D} = {2BB7B2D7-AB47-41D3-A574-6C5D6351CE9F}
		{66217F5F-071B-4DD7-A8A1-62707DB31C10} = {D6D322FE-98E5-4D05-9FF5-67412EE5F48C}
	EndGlobalSection
	GlobalSection(ExtensibilityGlobals) = postSolution
		SolutionGuid = {74A4FBE4-B014-481D-93EA-BDB3B58F79EA}
	EndGlobalSection
EndGlobal
